
Microsoft Visual Studio Solution File, Format Version 12.00
Project("{FAE04EC0-301F-11D3-BF4B-00C04F79EFBC}") = "Lab 1.5", "Lab 1.5\Lab 1.5.csproj", "{3C7C5D08-8419-4E8E-AEDB-7DC87B481DDF}"
EndProject
Global
	GlobalSection(SolutionConfigurationPlatforms) = preSolution
		Debug|Any CPU = Debug|Any CPU
		Release|Any CPU = Release|Any CPU
	EndGlobalSection
	GlobalSection(ProjectConfigurationPlatforms) = postSolution
		{3C7C5D08-8419-4E8E-AEDB-7DC87B481DDF}.Debug|Any CPU.ActiveCfg = Debug|Any CPU
		{3C7C5D08-8419-4E8E-AEDB-7DC87B481DDF}.Debug|Any CPU.Build.0 = Debug|Any CPU
		{3C7C5D08-8419-4E8E-AEDB-7DC87B481DDF}.Release|Any CPU.ActiveCfg = Release|Any CPU
		{3C7C5D08-8419-4E8E-AEDB-7DC87B481DDF}.Release|Any CPU.Build.0 = Release|Any CPU
	EndGlobalSection
EndGlobal
