
Microsoft Visual Studio Solution File, Format Version 12.00
Project("{FAE04EC0-301F-11D3-BF4B-00C04F79EFBC}") = "Lab 1.2", "Lab 1.2\Lab 1.2.csproj", "{3549DF98-836E-4C07-A633-52F14B1299F6}"
EndProject
Global
	GlobalSection(SolutionConfigurationPlatforms) = preSolution
		Debug|Any CPU = Debug|Any CPU
		Release|Any CPU = Release|Any CPU
	EndGlobalSection
	GlobalSection(ProjectConfigurationPlatforms) = postSolution
		{3549DF98-836E-4C07-A633-52F14B1299F6}.Debug|Any CPU.ActiveCfg = Debug|Any CPU
		{3549DF98-836E-4C07-A633-52F14B1299F6}.Debug|Any CPU.Build.0 = Debug|Any CPU
		{3549DF98-836E-4C07-A633-52F14B1299F6}.Release|Any CPU.ActiveCfg = Release|Any CPU
		{3549DF98-836E-4C07-A633-52F14B1299F6}.Release|Any CPU.Build.0 = Release|Any CPU
	EndGlobalSection
EndGlobal
